
Microsoft Visual Studio Solution File, Format Version 12.00
Project("{FAE04EC0-301F-11D3-BF4B-00C04F79EFBC}") = "SecretApi", "SecretApi\SecretApi.csproj", "{8BAA4D72-D95D-473B-B78A-C1DB8B1BFAC3}"
EndProject
Global
	GlobalSection(SolutionConfigurationPlatforms) = preSolution
		Debug|Any CPU = Debug|Any CPU
		Release|Any CPU = Release|Any CPU
	EndGlobalSection
	GlobalSection(ProjectConfigurationPlatforms) = postSolution
		{8BAA4D72-D95D-473B-B78A-C1DB8B1BFAC3}.Debug|Any CPU.ActiveCfg = Debug|Any CPU
		{8BAA4D72-D95D-473B-B78A-C1DB8B1BFAC3}.Debug|Any CPU.Build.0 = Debug|Any CPU
		{8BAA4D72-D95D-473B-B78A-C1DB8B1BFAC3}.Release|Any CPU.ActiveCfg = Release|Any CPU
		{8BAA4D72-D95D-473B-B78A-C1DB8B1BFAC3}.Release|Any CPU.Build.0 = Release|Any CPU
	EndGlobalSection
EndGlobal
